
Microsoft Visual Studio Solution File, Format Version 12.00
# Visual Studio Version 16
VisualStudioVersion = 16.0.29411.108
MinimumVisualStudioVersion = 10.0.40219.1
Project("{9A19103F-16F7-4668-BE54-9A1E7A4F7556}") = "GithubFiles", "GithubFiles.csproj", "{B89771F0-FE6D-4ACF-A80C-4FBCFBA0B8A1}"
EndProject
Project("{9A19103F-16F7-4668-BE54-9A1E7A4F7556}") = "GithubFilesTest", "..\GithubFilesTest\GithubFilesTest.csproj", "{8A32C337-7B9D-4CB2-A036-50460266D6BE}"
EndProject
Project("{2150E333-8FDC-42A3-9474-1A3956D46DE8}") = "SolutionItems", "SolutionItems", "{5F8CBCC3-2694-42DE-9733-E99357BD8D4E}"
	ProjectSection(SolutionItems) = preProject
		.editorconfig = .editorconfig
		default.ruleset = default.ruleset
	EndProjectSection
EndProject
Global
	GlobalSection(SolutionConfigurationPlatforms) = preSolution
		Debug|Any CPU = Debug|Any CPU
		Release|Any CPU = Release|Any CPU
	EndGlobalSection
	GlobalSection(ProjectConfigurationPlatforms) = postSolution
		{B89771F0-FE6D-4ACF-A80C-4FBCFBA0B8A1}.Debug|Any CPU.ActiveCfg = Debug|Any CPU
		{B89771F0-FE6D-4ACF-A80C-4FBCFBA0B8A1}.Debug|Any CPU.Build.0 = Debug|Any CPU
		{B89771F0-FE6D-4ACF-A80C-4FBCFBA0B8A1}.Release|Any CPU.ActiveCfg = Release|Any CPU
		{B89771F0-FE6D-4ACF-A80C-4FBCFBA0B8A1}.Release|Any CPU.Build.0 = Release|Any CPU
		{8A32C337-7B9D-4CB2-A036-50460266D6BE}.Debug|Any CPU.ActiveCfg = Debug|Any CPU
		{8A32C337-7B9D-4CB2-A036-50460266D6BE}.Debug|Any CPU.Build.0 = Debug|Any CPU
		{8A32C337-7B9D-4CB2-A036-50460266D6BE}.Release|Any CPU.ActiveCfg = Release|Any CPU
		{8A32C337-7B9D-4CB2-A036-50460266D6BE}.Release|Any CPU.Build.0 = Release|Any CPU
	EndGlobalSection
	GlobalSection(SolutionProperties) = preSolution
		HideSolutionNode = FALSE
	EndGlobalSection
	GlobalSection(ExtensibilityGlobals) = postSolution
		SolutionGuid = {7BC2F72A-2952-4498-A7C2-C7ACB96A0B17}
	EndGlobalSection
EndGlobal
